// !$*UTF8*$!
{
	archiveVersion = 1;
	classes = {
	};
	objectVersion = 46;
	objects = {

/* Begin PBXBuildFile section */
		F11F02AA1A0966190059AA9D /* main.m in Sources */ = {isa = PBXBuildFile; fileRef = F11F02A91A0966190059AA9D /* main.m */; };
		F11F02AD1A0966190059AA9D /* AppDelegate.m in Sources */ = {isa = PBXBuildFile; fileRef = F11F02AC1A0966190059AA9D /* AppDelegate.m */; };
		F11F02B01A0966190059AA9D /* testingAlerView.xcdatamodeld in Sources */ = {isa = PBXBuildFile; fileRef = F11F02AE1A0966190059AA9D /* testingAlerView.xcdatamodeld */; };
		F11F02B31A0966190059AA9D /* ViewController.m in Sources */ = {isa = PBXBuildFile; fileRef = F11F02B21A0966190059AA9D /* ViewController.m */; };
		F11F02B61A0966190059AA9D /* Main.storyboard in Resources */ = {isa = PBXBuildFile; fileRef = F11F02B41A0966190059AA9D /* Main.storyboard */; };
		F11F02B81A0966190059AA9D /* Images.xcassets in Resources */ = {isa = PBXBuildFile; fileRef = F11F02B71A0966190059AA9D /* Images.xcassets */; };
		F11F02BB1A0966190059AA9D /* LaunchScreen.xib in Resources */ = {isa = PBXBuildFile; fileRef = F11F02B91A0966190059AA9D /* LaunchScreen.xib */; };
		F11F02C71A0966190059AA9D /* testingAlerViewTests.m in Sources */ = {isa = PBXBuildFile; fileRef = F11F02C61A0966190059AA9D /* testingAlerViewTests.m */; };
/* End PBXBuildFile section */

/* Begin PBXContainerItemProxy section */
		F11F02C11A0966190059AA9D /* PBXContainerItemProxy */ = {
			isa = PBXContainerItemProxy;
			containerPortal = F11F029C1A0966180059AA9D /* Project object */;
			proxyType = 1;
			remoteGlobalIDString = F11F02A31A0966180059AA9D;
			remoteInfo = testingAlerView;
		};
/* End PBXContainerItemProxy section */

/* Begin PBXFileReference section */
		F11F02A41A0966180059AA9D /* testingAlerView.app */ = {isa = PBXFileReference; explicitFileType = wrapper.application; includeInIndex = 0; path = testingAlerView.app; sourceTree = BUILT_PRODUCTS_DIR; };
		F11F02A81A0966190059AA9D /* Info.plist */ = {isa = PBXFileReference; lastKnownFileType = text.plist.xml; path = Info.plist; sourceTree = "<group>"; };
		F11F02A91A0966190059AA9D /* main.m */ = {isa = PBXFileReference; lastKnownFileType = sourcecode.c.objc; path = main.m; sourceTree = "<group>"; };
		F11F02AB1A0966190059AA9D /* AppDelegate.h */ = {isa = PBXFileReference; lastKnownFileType = sourcecode.c.h; path = AppDelegate.h; sourceTree = "<group>"; };
		F11F02AC1A0966190059AA9D /* AppDelegate.m */ = {isa = PBXFileReference; lastKnownFileType = sourcecode.c.objc; path = AppDelegate.m; sourceTree = "<group>"; };
		F11F02AF1A0966190059AA9D /* testingAlerView.xcdatamodel */ = {isa = PBXFileReference; lastKnownFileType = wrapper.xcdatamodel; path = testingAlerView.xcdatamodel; sourceTree = "<group>"; };
		F11F02B11A0966190059AA9D /* ViewController.h */ = {isa = PBXFileReference; lastKnownFileType = sourcecode.c.h; path = ViewController.h; sourceTree = "<group>"; };
		F11F02B21A0966190059AA9D /* ViewController.m */ = {isa = PBXFileReference; lastKnownFileType = sourcecode.c.objc; path = ViewController.m; sourceTree = "<group>"; };
		F11F02B51A0966190059AA9D /* Base */ = {isa = PBXFileReference; lastKnownFileType = file.storyboard; name = Base; path = Base.lproj/Main.storyboard; sourceTree = "<group>"; };
		F11F02B71A0966190059AA9D /* Images.xcassets */ = {isa = PBXFileReference; lastKnownFileType = folder.assetcatalog; path = Images.xcassets; sourceTree = "<group>"; };
		F11F02BA1A0966190059AA9D /* Base */ = {isa = PBXFileReference; lastKnownFileType = file.xib; name = Base; path = Base.lproj/LaunchScreen.xib; sourceTree = "<group>"; };
		F11F02C01A0966190059AA9D /* testingAlerViewTests.xctest */ = {isa = PBXFileReference; explicitFileType = wrapper.cfbundle; includeInIndex = 0; path = testingAlerViewTests.xctest; sourceTree = BUILT_PRODUCTS_DIR; };
		F11F02C51A0966190059AA9D /* Info.plist */ = {isa = PBXFileReference; lastKnownFileType = text.plist.xml; path = Info.plist; sourceTree = "<group>"; };
		F11F02C61A0966190059AA9D /* testingAlerViewTests.m */ = {isa = PBXFileReference; lastKnownFileType = sourcecode.c.objc; path = testingAlerViewTests.m; sourceTree = "<group>"; };
/* End PBXFileReference section */

/* Begin PBXFrameworksBuildPhase section */
		F11F02A11A0966180059AA9D /* Frameworks */ = {
			isa = PBXFrameworksBuildPhase;
			buildActionMask = 2147483647;
			files = (
			);
			runOnlyForDeploymentPostprocessing = 0;
		};
		F11F02BD1A0966190059AA9D /* Frameworks */ = {
			isa = PBXFrameworksBuildPhase;
			buildActionMask = 2147483647;
			files = (
			);
			runOnlyForDeploymentPostprocessing = 0;
		};
/* End PBXFrameworksBuildPhase section */

/* Begin PBXGroup section */
		F11F029B1A0966180059AA9D = {
			isa = PBXGroup;
			children = (
				F11F02A61A0966180059AA9D /* testingAlerView */,
				F11F02C31A0966190059AA9D /* testingAlerViewTests */,
				F11F02A51A0966180059AA9D /* Products */,
			);
			sourceTree = "<group>";
		};
		F11F02A51A0966180059AA9D /* Products */ = {
			isa = PBXGroup;
			children = (
				F11F02A41A0966180059AA9D /* testingAlerView.app */,
				F11F02C01A0966190059AA9D /* testingAlerViewTests.xctest */,
			);
			name = Products;
			sourceTree = "<group>";
		};
		F11F02A61A0966180059AA9D /* testingAlerView */ = {
			isa = PBXGroup;
			children = (
				F11F02AB1A0966190059AA9D /* AppDelegate.h */,
				F11F02AC1A0966190059AA9D /* AppDelegate.m */,
				F11F02B11A0966190059AA9D /* ViewController.h */,
				F11F02B21A0966190059AA9D /* ViewController.m */,
				F11F02B41A0966190059AA9D /* Main.storyboard */,
				F11F02B71A0966190059AA9D /* Images.xcassets */,
				F11F02B91A0966190059AA9D /* LaunchScreen.xib */,
				F11F02AE1A0966190059AA9D /* testingAlerView.xcdatamodeld */,
				F11F02A71A0966180059AA9D /* Supporting Files */,
			);
			path = testingAlerView;
			sourceTree = "<group>";
		};
		F11F02A71A0966180059AA9D /* Supporting Files */ = {
			isa = PBXGroup;
			children = (
				F11F02A81A0966190059AA9D /* Info.plist */,
				F11F02A91A0966190059AA9D /* main.m */,
			);
			name = "Supporting Files";
			sourceTree = "<group>";
		};
		F11F02C31A0966190059AA9D /* testingAlerViewTests */ = {
			isa = PBXGroup;
			children = (
				F11F02C61A0966190059AA9D /* testingAlerViewTests.m */,
				F11F02C41A0966190059AA9D /* Supporting Files */,
			);
			path = testingAlerViewTests;
			sourceTree = "<group>";
		};
		F11F02C41A0966190059AA9D /* Supporting Files */ = {
			isa = PBXGroup;
			children = (
				F11F02C51A0966190059AA9D /* Info.plist */,
			);
			name = "Supporting Files";
			sourceTree = "<group>";
		};
/* End PBXGroup section */

/* Begin PBXNativeTarget section */
		F11F02A31A0966180059AA9D /* testingAlerView */ = {
			isa = PBXNativeTarget;
			buildConfigurationList = F11F02CA1A0966190059AA9D /* Build configuration list for PBXNativeTarget "testingAlerView" */;
			buildPhases = (
				F11F02A01A0966180059AA9D /* Sources */,
				F11F02A11A0966180059AA9D /* Frameworks */,
				F11F02A21A0966180059AA9D /* Resources */,
			);
			buildRules = (
			);
			dependencies = (
			);
			name = testingAlerView;
			productName = testingAlerView;
			productReference = F11F02A41A0966180059AA9D /* testingAlerView.app */;
			productType = "com.apple.product-type.application";
		};
		F11F02BF1A0966190059AA9D /* testingAlerViewTests */ = {
			isa = PBXNativeTarget;
			buildConfigurationList = F11F02CD1A0966190059AA9D /* Build configuration list for PBXNativeTarget "testingAlerViewTests" */;
			buildPhases = (
				F11F02BC1A0966190059AA9D /* Sources */,
				F11F02BD1A0966190059AA9D /* Frameworks */,
				F11F02BE1A0966190059AA9D /* Resources */,
			);
			buildRules = (
			);
			dependencies = (
				F11F02C21A0966190059AA9D /* PBXTargetDependency */,
			);
			name = testingAlerViewTests;
			productName = testingAlerViewTests;
			productReference = F11F02C01A0966190059AA9D /* testingAlerViewTests.xctest */;
			productType = "com.apple.product-type.bundle.unit-test";
		};
/* End PBXNativeTarget section */

/* Begin PBXProject section */
		F11F029C1A0966180059AA9D /* Project object */ = {
			isa = PBXProject;
			attributes = {
				LastUpgradeCheck = 0610;
				ORGANIZATIONNAME = "Shawn Lee";
				TargetAttributes = {
					F11F02A31A0966180059AA9D = {
						CreatedOnToolsVersion = 6.1;
					};
					F11F02BF1A0966190059AA9D = {
						CreatedOnToolsVersion = 6.1;
						TestTargetID = F11F02A31A0966180059AA9D;
					};
				};
			};
			buildConfigurationList = F11F029F1A0966180059AA9D /* Build configuration list for PBXProject "testingAlerView" */;
			compatibilityVersion = "Xcode 3.2";
			developmentRegion = English;
			hasScannedForEncodings = 0;
			knownRegions = (
				en,
				Base,
			);
			mainGroup = F11F029B1A0966180059AA9D;
			productRefGroup = F11F02A51A0966180059AA9D /* Products */;
			projectDirPath = "";
			projectRoot = "";
			targets = (
				F11F02A31A0966180059AA9D /* testingAlerView */,
				F11F02BF1A0966190059AA9D /* testingAlerViewTests */,
			);
		};
/* End PBXProject section */

/* Begin PBXResourcesBuildPhase section */
		F11F02A21A0966180059AA9D /* Resources */ = {
			isa = PBXResourcesBuildPhase;
			buildActionMask = 2147483647;
			files = (
				F11F02B61A0966190059AA9D /* Main.storyboard in Resources */,
				F11F02BB1A0966190059AA9D /* LaunchScreen.xib in Resources */,
				F11F02B81A0966190059AA9D /* Images.xcassets in Resources */,
			);
			runOnlyForDeploymentPostprocessing = 0;
		};
		F11F02BE1A0966190059AA9D /* Resources */ = {
			isa = PBXResourcesBuildPhase;
			buildActionMask = 2147483647;
			files = (
			);
			runOnlyForDeploymentPostprocessing = 0;
		};
/* End PBXResourcesBuildPhase section */

/* Begin PBXSourcesBuildPhase section */
		F11F02A01A0966180059AA9D /* Sources */ = {
			isa = PBXSourcesBuildPhase;
			buildActionMask = 2147483647;
			files = (
				F11F02AD1A0966190059AA9D /* AppDelegate.m in Sources */,
				F11F02AA1A0966190059AA9D /* main.m in Sources */,
				F11F02B31A0966190059AA9D /* ViewController.m in Sources */,
				F11F02B01A0966190059AA9D /* testingAlerView.xcdatamodeld in Sources */,
			);
			runOnlyForDeploymentPostprocessing = 0;
		};
		F11F02BC1A0966190059AA9D /* Sources */ = {
			isa = PBXSourcesBuildPhase;
			buildActionMask = 2147483647;
			files = (
				F11F02C71A0966190059AA9D /* testingAlerViewTests.m in Sources */,
			);
			runOnlyForDeploymentPostprocessing = 0;
		};
/* End PBXSourcesBuildPhase section */

/* Begin PBXTargetDependency section */
		F11F02C21A0966190059AA9D /* PBXTargetDependency */ = {
			isa = PBXTargetDependency;
			target = F11F02A31A0966180059AA9D /* testingAlerView */;
			targetProxy = F11F02C11A0966190059AA9D /* PBXContainerItemProxy */;
		};
/* End PBXTargetDependency section */

/* Begin PBXVariantGroup section */
		F11F02B41A0966190059AA9D /* Main.storyboard */ = {
			isa = PBXVariantGroup;
			children = (
				F11F02B51A0966190059AA9D /* Base */,
			);
			name = Main.storyboard;
			sourceTree = "<group>";
		};
		F11F02B91A0966190059AA9D /* LaunchScreen.xib */ = {
			isa = PBXVariantGroup;
			children = (
				F11F02BA1A0966190059AA9D /* Base */,
			);
			name = LaunchScreen.xib;
			sourceTree = "<group>";
		};
/* End PBXVariantGroup section */

/* Begin XCBuildConfiguration section */
		F11F02C81A0966190059AA9D /* Debug */ = {
			isa = XCBuildConfiguration;
			buildSettings = {
				ALWAYS_SEARCH_USER_PATHS = NO;
				CLANG_CXX_LANGUAGE_STANDARD = "gnu++0x";
				CLANG_CXX_LIBRARY = "libc++";
				CLANG_ENABLE_MODULES = YES;
				CLANG_ENABLE_OBJC_ARC = YES;
				CLANG_WARN_BOOL_CONVERSION = YES;
				CLANG_WARN_CONSTANT_CONVERSION = YES;
				CLANG_WARN_DIRECT_OBJC_ISA_USAGE = YES_ERROR;
				CLANG_WARN_EMPTY_BODY = YES;
				CLANG_WARN_ENUM_CONVERSION = YES;
				CLANG_WARN_INT_CONVERSION = YES;
				CLANG_WARN_OBJC_ROOT_CLASS = YES_ERROR;
				CLANG_WARN_UNREACHABLE_CODE = YES;
				CLANG_WARN__DUPLICATE_METHOD_MATCH = YES;
				"CODE_SIGN_IDENTITY[sdk=iphoneos*]" = "iPhone Developer";
				COPY_PHASE_STRIP = NO;
				ENABLE_STRICT_OBJC_MSGSEND = YES;
				GCC_C_LANGUAGE_STANDARD = gnu99;
				GCC_DYNAMIC_NO_PIC = NO;
				GCC_OPTIMIZATION_LEVEL = 0;
				GCC_PREPROCESSOR_DEFINITIONS = (
					"DEBUG=1",
					"$(inherited)",
				);
				GCC_SYMBOLS_PRIVATE_EXTERN = NO;
				GCC_WARN_64_TO_32_BIT_CONVERSION = YES;
				GCC_WARN_ABOUT_RETURN_TYPE = YES_ERROR;
				GCC_WARN_UNDECLARED_SELECTOR = YES;
				GCC_WARN_UNINITIALIZED_AUTOS = YES_AGGRESSIVE;
				GCC_WARN_UNUSED_FUNCTION = YES;
				GCC_WARN_UNUSED_VARIABLE = YES;
				IPHONEOS_DEPLOYMENT_TARGET = 8.1;
				MTL_ENABLE_DEBUG_INFO = YES;
				ONLY_ACTIVE_ARCH = YES;
				SDKROOT = iphoneos;
				TARGETED_DEVICE_FAMILY = "1,2";
			};
			name = Debug;
		};
		F11F02C91A0966190059AA9D /* Release */ = {
			isa = XCBuildConfiguration;
			buildSettings = {
				ALWAYS_SEARCH_USER_PATHS = NO;
				CLANG_CXX_LANGUAGE_STANDARD = "gnu++0x";
				CLANG_CXX_LIBRARY = "libc++";
				CLANG_ENABLE_MODULES = YES;
				CLANG_ENABLE_OBJC_ARC = YES;
				CLANG_WARN_BOOL_CONVERSION = YES;
				CLANG_WARN_CONSTANT_CONVERSION = YES;
				CLANG_WARN_DIRECT_OBJC_ISA_USAGE = YES_ERROR;
				CLANG_WARN_EMPTY_BODY = YES;
				CLANG_WARN_ENUM_CONVERSION = YES;
				CLANG_WARN_INT_CONVERSION = YES;
				CLANG_WARN_OBJC_ROOT_CLASS = YES_ERROR;
				CLANG_WARN_UNREACHABLE_CODE = YES;
				CLANG_WARN__DUPLICATE_METHOD_MATCH = YES;
				"CODE_SIGN_IDENTITY[sdk=iphoneos*]" = "iPhone Developer";
				COPY_PHASE_STRIP = YES;
				ENABLE_NS_ASSERTIONS = NO;
				ENABLE_STRICT_OBJC_MSGSEND = YES;
				GCC_C_LANGUAGE_STANDARD = gnu99;
				GCC_WARN_64_TO_32_BIT_CONVERSION = YES;
				GCC_WARN_ABOUT_RETURN_TYPE = YES_ERROR;
				GCC_WARN_UNDECLARED_SELECTOR = YES;
				GCC_WARN_UNINITIALIZED_AUTOS = YES_AGGRESSIVE;
				GCC_WARN_UNUSED_FUNCTION = YES;
				GCC_WARN_UNUSED_VARIABLE = YES;
				IPHONEOS_DEPLOYMENT_TARGET = 8.1;
				MTL_ENABLE_DEBUG_INFO = NO;
				SDKROOT = iphoneos;
				TARGETED_DEVICE_FAMILY = "1,2";
				VALIDATE_PRODUCT = YES;
			};
			name = Release;
		};
		F11F02CB1A0966190059AA9D /* Debug */ = {
			isa = XCBuildConfiguration;
			buildSettings = {
				ASSETCATALOG_COMPILER_APPICON_NAME = AppIcon;
				INFOPLIST_FILE = testingAlerView/Info.plist;
				LD_RUNPATH_SEARCH_PATHS = "$(inherited) @executable_path/Frameworks";
				PRODUCT_NAME = "$(TARGET_NAME)";
			};
			name = Debug;
		};
		F11F02CC1A0966190059AA9D /* Release */ = {
			isa = XCBuildConfiguration;
			buildSettings = {
				ASSETCATALOG_COMPILER_APPICON_NAME = AppIcon;
				INFOPLIST_FILE = testingAlerView/Info.plist;
				LD_RUNPATH_SEARCH_PATHS = "$(inherited) @executable_path/Frameworks";
				PRODUCT_NAME = "$(TARGET_NAME)";
			};
			name = Release;
		};
		F11F02CE1A0966190059AA9D /* Debug */ = {
			isa = XCBuildConfiguration;
			buildSettings = {
				BUNDLE_LOADER = "$(TEST_HOST)";
				FRAMEWORK_SEARCH_PATHS = (
					"$(SDKROOT)/Developer/Library/Frameworks",
					"$(inherited)",
				);
				GCC_PREPROCESSOR_DEFINITIONS = (
					"DEBUG=1",
					"$(inherited)",
				);
				INFOPLIST_FILE = testingAlerViewTests/Info.plist;
				LD_RUNPATH_SEARCH_PATHS = "$(inherited) @executable_path/Frameworks @loader_path/Frameworks";
				PRODUCT_NAME = "$(TARGET_NAME)";
				TEST_HOST = "$(BUILT_PRODUCTS_DIR)/testingAlerView.app/testingAlerView";
			};
			name = Debug;
		};
		F11F02CF1A0966190059AA9D /* Release */ = {
			isa = XCBuildConfiguration;
			buildSettings = {
				BUNDLE_LOADER = "$(TEST_HOST)";
				FRAMEWORK_SEARCH_PATHS = (
					"$(SDKROOT)/Developer/Library/Frameworks",
					"$(inherited)",
				);
				INFOPLIST_FILE = testingAlerViewTests/Info.plist;
				LD_RUNPATH_SEARCH_PATHS = "$(inherited) @executable_path/Frameworks @loader_path/Frameworks";
				PRODUCT_NAME = "$(TARGET_NAME)";
				TEST_HOST = "$(BUILT_PRODUCTS_DIR)/testingAlerView.app/testingAlerView";
			};
			name = Release;
		};
/* End XCBuildConfiguration section */

/* Begin XCConfigurationList section */
		F11F029F1A0966180059AA9D /* Build configuration list for PBXProject "testingAlerView" */ = {
			isa = XCConfigurationList;
			buildConfigurations = (
				F11F02C81A0966190059AA9D /* Debug */,
				F11F02C91A0966190059AA9D /* Release */,
			);
			defaultConfigurationIsVisible = 0;
			defaultConfigurationName = Release;
		};
		F11F02CA1A0966190059AA9D /* Build configuration list for PBXNativeTarget "testingAlerView" */ = {
			isa = XCConfigurationList;
			buildConfigurations = (
				F11F02CB1A0966190059AA9D /* Debug */,
				F11F02CC1A0966190059AA9D /* Release */,
			);
			defaultConfigurationIsVisible = 0;
		};
		F11F02CD1A0966190059AA9D /* Build configuration list for PBXNativeTarget "testingAlerViewTests" */ = {
			isa = XCConfigurationList;
			buildConfigurations = (
				F11F02CE1A0966190059AA9D /* Debug */,
				F11F02CF1A0966190059AA9D /* Release */,
			);
			defaultConfigurationIsVisible = 0;
		};
/* End XCConfigurationList section */

/* Begin XCVersionGroup section */
		F11F02AE1A0966190059AA9D /* testingAlerView.xcdatamodeld */ = {
			isa = XCVersionGroup;
			children = (
				F11F02AF1A0966190059AA9D /* testingAlerView.xcdatamodel */,
			);
			currentVersion = F11F02AF1A0966190059AA9D /* testingAlerView.xcdatamodel */;
			path = testingAlerView.xcdatamodeld;
			sourceTree = "<group>";
			versionGroupType = wrapper.xcdatamodel;
		};
/* End XCVersionGroup section */
	};
	rootObject = F11F029C1A0966180059AA9D /* Project object */;
}
